
Microsoft Visual Studio Solution File, Format Version 12.00
Project("{FAE04EC0-301F-11D3-BF4B-00C04F79EFBC}") = "AnyBank", "AnyBank\AnyBank.csproj", "{44CED81E-D4C6-4A34-972F-103C27E4AA0B}"
EndProject
Project("{FAE04EC0-301F-11D3-BF4B-00C04F79EFBC}") = "P01-Challenge01", "P01-Challenge01\P01-Challenge01.csproj", "{85AC3AE2-7CFD-4CC7-BF39-EA92C7F36C9D}"
EndProject
Project("{FAE04EC0-301F-11D3-BF4B-00C04F79EFBC}") = "P02-Challenge02", "P02-Challenge02\P02-Challenge02.csproj", "{50F102DA-5715-4A21-BBE5-88EA68BEF008}"
EndProject
Project("{FAE04EC0-301F-11D3-BF4B-00C04F79EFBC}") = "P03-Challeng03", "P03-Challeng03\P03-Challeng03.csproj", "{82E27E0A-92C2-4F87-BC9A-E4AA320DF8F2}"
EndProject
Global
	GlobalSection(SolutionConfigurationPlatforms) = preSolution
		Debug|Any CPU = Debug|Any CPU
		Release|Any CPU = Release|Any CPU
	EndGlobalSection
	GlobalSection(ProjectConfigurationPlatforms) = postSolution
		{44CED81E-D4C6-4A34-972F-103C27E4AA0B}.Debug|Any CPU.ActiveCfg = Debug|Any CPU
		{44CED81E-D4C6-4A34-972F-103C27E4AA0B}.Debug|Any CPU.Build.0 = Debug|Any CPU
		{44CED81E-D4C6-4A34-972F-103C27E4AA0B}.Release|Any CPU.ActiveCfg = Release|Any CPU
		{44CED81E-D4C6-4A34-972F-103C27E4AA0B}.Release|Any CPU.Build.0 = Release|Any CPU
		{85AC3AE2-7CFD-4CC7-BF39-EA92C7F36C9D}.Debug|Any CPU.ActiveCfg = Debug|Any CPU
		{85AC3AE2-7CFD-4CC7-BF39-EA92C7F36C9D}.Debug|Any CPU.Build.0 = Debug|Any CPU
		{85AC3AE2-7CFD-4CC7-BF39-EA92C7F36C9D}.Release|Any CPU.ActiveCfg = Release|Any CPU
		{85AC3AE2-7CFD-4CC7-BF39-EA92C7F36C9D}.Release|Any CPU.Build.0 = Release|Any CPU
		{50F102DA-5715-4A21-BBE5-88EA68BEF008}.Debug|Any CPU.ActiveCfg = Debug|Any CPU
		{50F102DA-5715-4A21-BBE5-88EA68BEF008}.Debug|Any CPU.Build.0 = Debug|Any CPU
		{50F102DA-5715-4A21-BBE5-88EA68BEF008}.Release|Any CPU.ActiveCfg = Release|Any CPU
		{50F102DA-5715-4A21-BBE5-88EA68BEF008}.Release|Any CPU.Build.0 = Release|Any CPU
		{82E27E0A-92C2-4F87-BC9A-E4AA320DF8F2}.Debug|Any CPU.ActiveCfg = Debug|Any CPU
		{82E27E0A-92C2-4F87-BC9A-E4AA320DF8F2}.Debug|Any CPU.Build.0 = Debug|Any CPU
		{82E27E0A-92C2-4F87-BC9A-E4AA320DF8F2}.Release|Any CPU.ActiveCfg = Release|Any CPU
		{82E27E0A-92C2-4F87-BC9A-E4AA320DF8F2}.Release|Any CPU.Build.0 = Release|Any CPU
	EndGlobalSection
EndGlobal
